
Microsoft Visual Studio Solution File, Format Version 12.00
# Visual Studio 15
VisualStudioVersion = 15.0.27428.2043
MinimumVisualStudioVersion = 10.0.40219.1
Project("{FAE04EC0-301F-11D3-BF4B-00C04F79EFBC}") = "Si_Boxing.Android", "Si_Boxing\Si_Boxing.Android\Si_Boxing.Android.csproj", "{FDEB391D-DD67-46C5-BF33-519603BFDB9B}"
EndProject
Project("{FAE04EC0-301F-11D3-BF4B-00C04F79EFBC}") = "Si_Boxing.iOS", "Si_Boxing\Si_Boxing.iOS\Si_Boxing.iOS.csproj", "{2DBAB5F4-B826-4F19-A50A-F2FF2C0DD4A6}"
EndProject
Project("{FAE04EC0-301F-11D3-BF4B-00C04F79EFBC}") = "Si_Boxing", "Si_Boxing\Si_Boxing\Si_Boxing.csproj", "{F9C42441-3BEC-475C-B73A-A47840C4DC65}"
EndProject
Global
	GlobalSection(SolutionConfigurationPlatforms) = preSolution
		Ad-Hoc|Any CPU = Ad-Hoc|Any CPU
		Ad-Hoc|iPhone = Ad-Hoc|iPhone
		Ad-Hoc|iPhoneSimulator = Ad-Hoc|iPhoneSimulator
		AppStore|Any CPU = AppStore|Any CPU
		AppStore|iPhone = AppStore|iPhone
		AppStore|iPhoneSimulator = AppStore|iPhoneSimulator
		Debug|Any CPU = Debug|Any CPU
		Debug|iPhone = Debug|iPhone
		Debug|iPhoneSimulator = Debug|iPhoneSimulator
		Release|Any CPU = Release|Any CPU
		Release|iPhone = Release|iPhone
		Release|iPhoneSimulator = Release|iPhoneSimulator
	EndGlobalSection
	GlobalSection(ProjectConfigurationPlatforms) = postSolution
		{FDEB391D-DD67-46C5-BF33-519603BFDB9B}.Ad-Hoc|Any CPU.ActiveCfg = Release|Any CPU
		{FDEB391D-DD67-46C5-BF33-519603BFDB9B}.Ad-Hoc|Any CPU.Build.0 = Release|Any CPU
		{FDEB391D-DD67-46C5-BF33-519603BFDB9B}.Ad-Hoc|Any CPU.Deploy.0 = Release|Any CPU
		{FDEB391D-DD67-46C5-BF33-519603BFDB9B}.Ad-Hoc|iPhone.ActiveCfg = Release|Any CPU
		{FDEB391D-DD67-46C5-BF33-519603BFDB9B}.Ad-Hoc|iPhone.Build.0 = Release|Any CPU
		{FDEB391D-DD67-46C5-BF33-519603BFDB9B}.Ad-Hoc|iPhone.Deploy.0 = Release|Any CPU
		{FDEB391D-DD67-46C5-BF33-519603BFDB9B}.Ad-Hoc|iPhoneSimulator.ActiveCfg = Release|Any CPU
		{FDEB391D-DD67-46C5-BF33-519603BFDB9B}.Ad-Hoc|iPhoneSimulator.Build.0 = Release|Any CPU
		{FDEB391D-DD67-46C5-BF33-519603BFDB9B}.Ad-Hoc|iPhoneSimulator.Deploy.0 = Release|Any CPU
		{FDEB391D-DD67-46C5-BF33-519603BFDB9B}.AppStore|Any CPU.ActiveCfg = Release|Any CPU
		{FDEB391D-DD67-46C5-BF33-519603BFDB9B}.AppStore|Any CPU.Build.0 = Release|Any CPU
		{FDEB391D-DD67-46C5-BF33-519603BFDB9B}.AppStore|Any CPU.Deploy.0 = Release|Any CPU
		{FDEB391D-DD67-46C5-BF33-519603BFDB9B}.AppStore|iPhone.ActiveCfg = Release|Any CPU
		{FDEB391D-DD67-46C5-BF33-519603BFDB9B}.AppStore|iPhone.Build.0 = Release|Any CPU
		{FDEB391D-DD67-46C5-BF33-519603BFDB9B}.AppStore|iPhone.Deploy.0 = Release|Any CPU
		{FDEB391D-DD67-46C5-BF33-519603BFDB9B}.AppStore|iPhoneSimulator.ActiveCfg = Release|Any CPU
		{FDEB391D-DD67-46C5-BF33-519603BFDB9B}.AppStore|iPhoneSimulator.Build.0 = Release|Any CPU
		{FDEB391D-DD67-46C5-BF33-519603BFDB9B}.AppStore|iPhoneSimulator.Deploy.0 = Release|Any CPU
		{FDEB391D-DD67-46C5-BF33-519603BFDB9B}.Debug|Any CPU.ActiveCfg = Debug|Any CPU
		{FDEB391D-DD67-46C5-BF33-519603BFDB9B}.Debug|Any CPU.Build.0 = Debug|Any CPU
		{FDEB391D-DD67-46C5-BF33-519603BFDB9B}.Debug|Any CPU.Deploy.0 = Debug|Any CPU
		{FDEB391D-DD67-46C5-BF33-519603BFDB9B}.Debug|iPhone.ActiveCfg = Debug|Any CPU
		{FDEB391D-DD67-46C5-BF33-519603BFDB9B}.Debug|iPhone.Build.0 = Debug|Any CPU
		{FDEB391D-DD67-46C5-BF33-519603BFDB9B}.Debug|iPhone.Deploy.0 = Debug|Any CPU
		{FDEB391D-DD67-46C5-BF33-519603BFDB9B}.Debug|iPhoneSimulator.ActiveCfg = Debug|Any CPU
		{FDEB391D-DD67-46C5-BF33-519603BFDB9B}.Debug|iPhoneSimulator.Build.0 = Debug|Any CPU
		{FDEB391D-DD67-46C5-BF33-519603BFDB9B}.Debug|iPhoneSimulator.Deploy.0 = Debug|Any CPU
		{FDEB391D-DD67-46C5-BF33-519603BFDB9B}.Release|Any CPU.ActiveCfg = Release|Any CPU
		{FDEB391D-DD67-46C5-BF33-519603BFDB9B}.Release|Any CPU.Build.0 = Release|Any CPU
		{FDEB391D-DD67-46C5-BF33-519603BFDB9B}.Release|Any CPU.Deploy.0 = Release|Any CPU
		{FDEB391D-DD67-46C5-BF33-519603BFDB9B}.Release|iPhone.ActiveCfg = Release|Any CPU
		{FDEB391D-DD67-46C5-BF33-519603BFDB9B}.Release|iPhone.Build.0 = Release|Any CPU
		{FDEB391D-DD67-46C5-BF33-519603BFDB9B}.Release|iPhone.Deploy.0 = Release|Any CPU
		{FDEB391D-DD67-46C5-BF33-519603BFDB9B}.Release|iPhoneSimulator.ActiveCfg = Release|Any CPU
		{FDEB391D-DD67-46C5-BF33-519603BFDB9B}.Release|iPhoneSimulator.Build.0 = Release|Any CPU
		{FDEB391D-DD67-46C5-BF33-519603BFDB9B}.Release|iPhoneSimulator.Deploy.0 = Release|Any CPU
		{2DBAB5F4-B826-4F19-A50A-F2FF2C0DD4A6}.Ad-Hoc|Any CPU.ActiveCfg = Ad-Hoc|iPhone
		{2DBAB5F4-B826-4F19-A50A-F2FF2C0DD4A6}.Ad-Hoc|iPhone.ActiveCfg = Ad-Hoc|iPhone
		{2DBAB5F4-B826-4F19-A50A-F2FF2C0DD4A6}.Ad-Hoc|iPhone.Build.0 = Ad-Hoc|iPhone
		{2DBAB5F4-B826-4F19-A50A-F2FF2C0DD4A6}.Ad-Hoc|iPhoneSimulator.ActiveCfg = Ad-Hoc|iPhoneSimulator
		{2DBAB5F4-B826-4F19-A50A-F2FF2C0DD4A6}.Ad-Hoc|iPhoneSimulator.Build.0 = Ad-Hoc|iPhoneSimulator
		{2DBAB5F4-B826-4F19-A50A-F2FF2C0DD4A6}.AppStore|Any CPU.ActiveCfg = AppStore|iPhone
		{2DBAB5F4-B826-4F19-A50A-F2FF2C0DD4A6}.AppStore|iPhone.ActiveCfg = AppStore|iPhone
		{2DBAB5F4-B826-4F19-A50A-F2FF2C0DD4A6}.AppStore|iPhone.Build.0 = AppStore|iPhone
		{2DBAB5F4-B826-4F19-A50A-F2FF2C0DD4A6}.AppStore|iPhoneSimulator.ActiveCfg = AppStore|iPhoneSimulator
		{2DBAB5F4-B826-4F19-A50A-F2FF2C0DD4A6}.AppStore|iPhoneSimulator.Build.0 = AppStore|iPhoneSimulator
		{2DBAB5F4-B826-4F19-A50A-F2FF2C0DD4A6}.Debug|Any CPU.ActiveCfg = Debug|iPhone
		{2DBAB5F4-B826-4F19-A50A-F2FF2C0DD4A6}.Debug|iPhone.ActiveCfg = Debug|iPhone
		{2DBAB5F4-B826-4F19-A50A-F2FF2C0DD4A6}.Debug|iPhone.Build.0 = Debug|iPhone
		{2DBAB5F4-B826-4F19-A50A-F2FF2C0DD4A6}.Debug|iPhoneSimulator.ActiveCfg = Debug|iPhoneSimulator
		{2DBAB5F4-B826-4F19-A50A-F2FF2C0DD4A6}.Debug|iPhoneSimulator.Build.0 = Debug|iPhoneSimulator
		{2DBAB5F4-B826-4F19-A50A-F2FF2C0DD4A6}.Release|Any CPU.ActiveCfg = Release|iPhone
		{2DBAB5F4-B826-4F19-A50A-F2FF2C0DD4A6}.Release|iPhone.ActiveCfg = Release|iPhone
		{2DBAB5F4-B826-4F19-A50A-F2FF2C0DD4A6}.Release|iPhone.Build.0 = Release|iPhone
		{2DBAB5F4-B826-4F19-A50A-F2FF2C0DD4A6}.Release|iPhoneSimulator.ActiveCfg = Release|iPhoneSimulator
		{2DBAB5F4-B826-4F19-A50A-F2FF2C0DD4A6}.Release|iPhoneSimulator.Build.0 = Release|iPhoneSimulator
		{F9C42441-3BEC-475C-B73A-A47840C4DC65}.Ad-Hoc|Any CPU.ActiveCfg = Debug|Any CPU
		{F9C42441-3BEC-475C-B73A-A47840C4DC65}.Ad-Hoc|Any CPU.Build.0 = Debug|Any CPU
		{F9C42441-3BEC-475C-B73A-A47840C4DC65}.Ad-Hoc|iPhone.ActiveCfg = Debug|Any CPU
		{F9C42441-3BEC-475C-B73A-A47840C4DC65}.Ad-Hoc|iPhone.Build.0 = Debug|Any CPU
		{F9C42441-3BEC-475C-B73A-A47840C4DC65}.Ad-Hoc|iPhoneSimulator.ActiveCfg = Debug|Any CPU
		{F9C42441-3BEC-475C-B73A-A47840C4DC65}.Ad-Hoc|iPhoneSimulator.Build.0 = Debug|Any CPU
		{F9C42441-3BEC-475C-B73A-A47840C4DC65}.AppStore|Any CPU.ActiveCfg = Debug|Any CPU
		{F9C42441-3BEC-475C-B73A-A47840C4DC65}.AppStore|Any CPU.Build.0 = Debug|Any CPU
		{F9C42441-3BEC-475C-B73A-A47840C4DC65}.AppStore|iPhone.ActiveCfg = Debug|Any CPU
		{F9C42441-3BEC-475C-B73A-A47840C4DC65}.AppStore|iPhone.Build.0 = Debug|Any CPU
		{F9C42441-3BEC-475C-B73A-A47840C4DC65}.AppStore|iPhoneSimulator.ActiveCfg = Debug|Any CPU
		{F9C42441-3BEC-475C-B73A-A47840C4DC65}.AppStore|iPhoneSimulator.Build.0 = Debug|Any CPU
		{F9C42441-3BEC-475C-B73A-A47840C4DC65}.Debug|Any CPU.ActiveCfg = Debug|Any CPU
		{F9C42441-3BEC-475C-B73A-A47840C4DC65}.Debug|Any CPU.Build.0 = Debug|Any CPU
		{F9C42441-3BEC-475C-B73A-A47840C4DC65}.Debug|iPhone.ActiveCfg = Debug|Any CPU
		{F9C42441-3BEC-475C-B73A-A47840C4DC65}.Debug|iPhone.Build.0 = Debug|Any CPU
		{F9C42441-3BEC-475C-B73A-A47840C4DC65}.Debug|iPhoneSimulator.ActiveCfg = Debug|Any CPU
		{F9C42441-3BEC-475C-B73A-A47840C4DC65}.Debug|iPhoneSimulator.Build.0 = Debug|Any CPU
		{F9C42441-3BEC-475C-B73A-A47840C4DC65}.Release|Any CPU.ActiveCfg = Release|Any CPU
		{F9C42441-3BEC-475C-B73A-A47840C4DC65}.Release|Any CPU.Build.0 = Release|Any CPU
		{F9C42441-3BEC-475C-B73A-A47840C4DC65}.Release|iPhone.ActiveCfg = Release|Any CPU
		{F9C42441-3BEC-475C-B73A-A47840C4DC65}.Release|iPhone.Build.0 = Release|Any CPU
		{F9C42441-3BEC-475C-B73A-A47840C4DC65}.Release|iPhoneSimulator.ActiveCfg = Release|Any CPU
		{F9C42441-3BEC-475C-B73A-A47840C4DC65}.Release|iPhoneSimulator.Build.0 = Release|Any CPU
	EndGlobalSection
	GlobalSection(SolutionProperties) = preSolution
		HideSolutionNode = FALSE
	EndGlobalSection
	GlobalSection(ExtensibilityGlobals) = postSolution
		SolutionGuid = {54EC9BBE-2235-4F18-9652-F042324AD99F}
	EndGlobalSection
EndGlobal
